
Microsoft Visual Studio Solution File, Format Version 12.00
# Visual Studio Version 17
VisualStudioVersion = 17.9.34728.123
MinimumVisualStudioVersion = 10.0.40219.1
Project("{FAE04EC0-301F-11D3-BF4B-00C04F79EFBC}") = "Truck Tour", "Truck Tour\Truck Tour.csproj", "{DE72B635-7F58-48D7-AAC8-2672C2905641}"
EndProject
Global
	GlobalSection(SolutionConfigurationPlatforms) = preSolution
		Debug|Any CPU = Debug|Any CPU
		Release|Any CPU = Release|Any CPU
	EndGlobalSection
	GlobalSection(ProjectConfigurationPlatforms) = postSolution
		{DE72B635-7F58-48D7-AAC8-2672C2905641}.Debug|Any CPU.ActiveCfg = Debug|Any CPU
		{DE72B635-7F58-48D7-AAC8-2672C2905641}.Debug|Any CPU.Build.0 = Debug|Any CPU
		{DE72B635-7F58-48D7-AAC8-2672C2905641}.Release|Any CPU.ActiveCfg = Release|Any CPU
		{DE72B635-7F58-48D7-AAC8-2672C2905641}.Release|Any CPU.Build.0 = Release|Any CPU
	EndGlobalSection
	GlobalSection(SolutionProperties) = preSolution
		HideSolutionNode = FALSE
	EndGlobalSection
	GlobalSection(ExtensibilityGlobals) = postSolution
		SolutionGuid = {E052E9B5-DFB6-431F-8172-11DFE1811521}
	EndGlobalSection
EndGlobal
