
Microsoft Visual Studio Solution File, Format Version 12.00
# Visual Studio Version 17
VisualStudioVersion = 17.9.34622.214
MinimumVisualStudioVersion = 10.0.40219.1
Project("{FAE04EC0-301F-11D3-BF4B-00C04F79EFBC}") = "Tower Breakers", "Tower Breakers\Tower Breakers.csproj", "{544D0405-49AB-4FCA-B2F1-18AC87DC3B93}"
EndProject
Global
	GlobalSection(SolutionConfigurationPlatforms) = preSolution
		Debug|Any CPU = Debug|Any CPU
		Release|Any CPU = Release|Any CPU
	EndGlobalSection
	GlobalSection(ProjectConfigurationPlatforms) = postSolution
		{544D0405-49AB-4FCA-B2F1-18AC87DC3B93}.Debug|Any CPU.ActiveCfg = Debug|Any CPU
		{544D0405-49AB-4FCA-B2F1-18AC87DC3B93}.Debug|Any CPU.Build.0 = Debug|Any CPU
		{544D0405-49AB-4FCA-B2F1-18AC87DC3B93}.Release|Any CPU.ActiveCfg = Release|Any CPU
		{544D0405-49AB-4FCA-B2F1-18AC87DC3B93}.Release|Any CPU.Build.0 = Release|Any CPU
	EndGlobalSection
	GlobalSection(SolutionProperties) = preSolution
		HideSolutionNode = FALSE
	EndGlobalSection
	GlobalSection(ExtensibilityGlobals) = postSolution
		SolutionGuid = {E537ED19-4F4A-4905-B883-2A47A1990C43}
	EndGlobalSection
EndGlobal
