
Microsoft Visual Studio Solution File, Format Version 12.00
# Visual Studio Version 17
VisualStudioVersion = 17.9.34728.123
MinimumVisualStudioVersion = 10.0.40219.1
Project("{FAE04EC0-301F-11D3-BF4B-00C04F79EFBC}") = "Recursive Digit Sum", "Recursive Digit Sum\Recursive Digit Sum.csproj", "{E748C65E-337E-425C-A71C-977CC980AC4A}"
EndProject
Global
	GlobalSection(SolutionConfigurationPlatforms) = preSolution
		Debug|Any CPU = Debug|Any CPU
		Release|Any CPU = Release|Any CPU
	EndGlobalSection
	GlobalSection(ProjectConfigurationPlatforms) = postSolution
		{E748C65E-337E-425C-A71C-977CC980AC4A}.Debug|Any CPU.ActiveCfg = Debug|Any CPU
		{E748C65E-337E-425C-A71C-977CC980AC4A}.Debug|Any CPU.Build.0 = Debug|Any CPU
		{E748C65E-337E-425C-A71C-977CC980AC4A}.Release|Any CPU.ActiveCfg = Release|Any CPU
		{E748C65E-337E-425C-A71C-977CC980AC4A}.Release|Any CPU.Build.0 = Release|Any CPU
	EndGlobalSection
	GlobalSection(SolutionProperties) = preSolution
		HideSolutionNode = FALSE
	EndGlobalSection
	GlobalSection(ExtensibilityGlobals) = postSolution
		SolutionGuid = {B90143D3-EC3E-4E52-B491-DDD8DF7060AF}
	EndGlobalSection
EndGlobal
